
Microsoft Visual Studio Solution File, Format Version 12.00
# Visual Studio Version 17
VisualStudioVersion = 17.7.34202.233
MinimumVisualStudioVersion = 10.0.40219.1
Project("{9A19103F-16F7-4668-BE54-9A1E7A4F7556}") = "TbcTask", "TbcTask\TbcTask.csproj", "{A750EF81-A2BA-4C08-BCA0-DC8F6FC7385A}"
EndProject
Project("{2150E333-8FDC-42A3-9474-1A3956D46DE8}") = "Domain", "Domain", "{382B2D88-C8E8-4498-BC3B-C1AC558CADA7}"
EndProject
Project("{2150E333-8FDC-42A3-9474-1A3956D46DE8}") = "Infrastructure", "Infrastructure", "{1C625AA7-53B5-4120-83D2-826BE7554D9F}"
EndProject
Project("{9A19103F-16F7-4668-BE54-9A1E7A4F7556}") = "TbcTask.Infrastructure.Store", "TbcTask.Infrastructure.Store\TbcTask.Infrastructure.Store.csproj", "{D09421E2-A673-4FB9-9C7D-BB0730BFCEDF}"
EndProject
Project("{9A19103F-16F7-4668-BE54-9A1E7A4F7556}") = "TbcTask.Domain.Models", "TbcTask.Domain.Models\TbcTask.Domain.Models.csproj", "{20A7DA61-9798-4875-A956-3B3C919D2C68}"
EndProject
Project("{FAE04EC0-301F-11D3-BF4B-00C04F79EFBC}") = "TbcTask.Domain.Repository", "TbcTask.Domain.Repository\TbcTask.Domain.Repository.csproj", "{B83FB512-7FAE-4E72-BB59-5B6CC0F03259}"
EndProject
Project("{FAE04EC0-301F-11D3-BF4B-00C04F79EFBC}") = "TbcTask.Infrastructure.Repository", "TbcTask.Infrastructure.Repository\TbcTask.Infrastructure.Repository.csproj", "{6195B443-9E0E-4BD1-9C6B-A93246EA9718}"
EndProject
Project("{FAE04EC0-301F-11D3-BF4B-00C04F79EFBC}") = "TbcTask.Domain.Services", "TbcTask.Domain.Services\TbcTask.Domain.Services.csproj", "{5297AE77-BA57-4B41-B2E2-BF6ABF6D63D4}"
EndProject
Project("{FAE04EC0-301F-11D3-BF4B-00C04F79EFBC}") = "TbcTask.Infrastructure.Services", "TbcTask.Infrastructure.Services\TbcTask.Infrastructure.Services.csproj", "{59E10125-C3FD-41FB-AEB0-B66F570155B4}"
EndProject
Global
	GlobalSection(SolutionConfigurationPlatforms) = preSolution
		Debug|Any CPU = Debug|Any CPU
		Release|Any CPU = Release|Any CPU
	EndGlobalSection
	GlobalSection(ProjectConfigurationPlatforms) = postSolution
		{A750EF81-A2BA-4C08-BCA0-DC8F6FC7385A}.Debug|Any CPU.ActiveCfg = Debug|Any CPU
		{A750EF81-A2BA-4C08-BCA0-DC8F6FC7385A}.Debug|Any CPU.Build.0 = Debug|Any CPU
		{A750EF81-A2BA-4C08-BCA0-DC8F6FC7385A}.Release|Any CPU.ActiveCfg = Release|Any CPU
		{A750EF81-A2BA-4C08-BCA0-DC8F6FC7385A}.Release|Any CPU.Build.0 = Release|Any CPU
		{D09421E2-A673-4FB9-9C7D-BB0730BFCEDF}.Debug|Any CPU.ActiveCfg = Debug|Any CPU
		{D09421E2-A673-4FB9-9C7D-BB0730BFCEDF}.Debug|Any CPU.Build.0 = Debug|Any CPU
		{D09421E2-A673-4FB9-9C7D-BB0730BFCEDF}.Release|Any CPU.ActiveCfg = Release|Any CPU
		{D09421E2-A673-4FB9-9C7D-BB0730BFCEDF}.Release|Any CPU.Build.0 = Release|Any CPU
		{20A7DA61-9798-4875-A956-3B3C919D2C68}.Debug|Any CPU.ActiveCfg = Debug|Any CPU
		{20A7DA61-9798-4875-A956-3B3C919D2C68}.Debug|Any CPU.Build.0 = Debug|Any CPU
		{20A7DA61-9798-4875-A956-3B3C919D2C68}.Release|Any CPU.ActiveCfg = Release|Any CPU
		{20A7DA61-9798-4875-A956-3B3C919D2C68}.Release|Any CPU.Build.0 = Release|Any CPU
		{B83FB512-7FAE-4E72-BB59-5B6CC0F03259}.Debug|Any CPU.ActiveCfg = Debug|Any CPU
		{B83FB512-7FAE-4E72-BB59-5B6CC0F03259}.Debug|Any CPU.Build.0 = Debug|Any CPU
		{B83FB512-7FAE-4E72-BB59-5B6CC0F03259}.Release|Any CPU.ActiveCfg = Release|Any CPU
		{B83FB512-7FAE-4E72-BB59-5B6CC0F03259}.Release|Any CPU.Build.0 = Release|Any CPU
		{6195B443-9E0E-4BD1-9C6B-A93246EA9718}.Debug|Any CPU.ActiveCfg = Debug|Any CPU
		{6195B443-9E0E-4BD1-9C6B-A93246EA9718}.Debug|Any CPU.Build.0 = Debug|Any CPU
		{6195B443-9E0E-4BD1-9C6B-A93246EA9718}.Release|Any CPU.ActiveCfg = Release|Any CPU
		{6195B443-9E0E-4BD1-9C6B-A93246EA9718}.Release|Any CPU.Build.0 = Release|Any CPU
		{5297AE77-BA57-4B41-B2E2-BF6ABF6D63D4}.Debug|Any CPU.ActiveCfg = Debug|Any CPU
		{5297AE77-BA57-4B41-B2E2-BF6ABF6D63D4}.Debug|Any CPU.Build.0 = Debug|Any CPU
		{5297AE77-BA57-4B41-B2E2-BF6ABF6D63D4}.Release|Any CPU.ActiveCfg = Release|Any CPU
		{5297AE77-BA57-4B41-B2E2-BF6ABF6D63D4}.Release|Any CPU.Build.0 = Release|Any CPU
		{59E10125-C3FD-41FB-AEB0-B66F570155B4}.Debug|Any CPU.ActiveCfg = Debug|Any CPU
		{59E10125-C3FD-41FB-AEB0-B66F570155B4}.Debug|Any CPU.Build.0 = Debug|Any CPU
		{59E10125-C3FD-41FB-AEB0-B66F570155B4}.Release|Any CPU.ActiveCfg = Release|Any CPU
		{59E10125-C3FD-41FB-AEB0-B66F570155B4}.Release|Any CPU.Build.0 = Release|Any CPU
	EndGlobalSection
	GlobalSection(SolutionProperties) = preSolution
		HideSolutionNode = FALSE
	EndGlobalSection
	GlobalSection(NestedProjects) = preSolution
		{D09421E2-A673-4FB9-9C7D-BB0730BFCEDF} = {1C625AA7-53B5-4120-83D2-826BE7554D9F}
		{20A7DA61-9798-4875-A956-3B3C919D2C68} = {382B2D88-C8E8-4498-BC3B-C1AC558CADA7}
		{B83FB512-7FAE-4E72-BB59-5B6CC0F03259} = {382B2D88-C8E8-4498-BC3B-C1AC558CADA7}
		{6195B443-9E0E-4BD1-9C6B-A93246EA9718} = {1C625AA7-53B5-4120-83D2-826BE7554D9F}
		{5297AE77-BA57-4B41-B2E2-BF6ABF6D63D4} = {382B2D88-C8E8-4498-BC3B-C1AC558CADA7}
		{59E10125-C3FD-41FB-AEB0-B66F570155B4} = {1C625AA7-53B5-4120-83D2-826BE7554D9F}
	EndGlobalSection
	GlobalSection(ExtensibilityGlobals) = postSolution
		SolutionGuid = {41AACB11-AD42-4F4B-A496-93E1EBE3AFC9}
	EndGlobalSection
EndGlobal
